// !$*UTF8*$!
{
	archiveVersion = 1;
	classes = {
	};
	objectVersion = 56;
	objects = {

/* Begin PBXBuildFile section */
		EC54AB672C88D77A004A1263 /* Constants.swift in Sources */ = {isa = PBXBuildFile; fileRef = EC54AB662C88D77A004A1263 /* Constants.swift */; };
		EC54AB6A2C88DD3D004A1263 /* Repository.swift in Sources */ = {isa = PBXBuildFile; fileRef = EC54AB682C88DD3D004A1263 /* Repository.swift */; };
		EC54AB742C88DD45004A1263 /* FavoriteTab.swift in Sources */ = {isa = PBXBuildFile; fileRef = EC54AB6B2C88DD45004A1263 /* FavoriteTab.swift */; };
		EC54AB752C88DD45004A1263 /* HomeView.swift in Sources */ = {isa = PBXBuildFile; fileRef = EC54AB6D2C88DD45004A1263 /* HomeView.swift */; };
		EC54AB762C88DD45004A1263 /* RepositoriesTab.swift in Sources */ = {isa = PBXBuildFile; fileRef = EC54AB6F2C88DD45004A1263 /* RepositoriesTab.swift */; };
		EC54AB772C88DD45004A1263 /* RepositoriesViewModel.swift in Sources */ = {isa = PBXBuildFile; fileRef = EC54AB702C88DD45004A1263 /* RepositoriesViewModel.swift */; };
		EC54AB782C88DD45004A1263 /* RepositoryDetailsView.swift in Sources */ = {isa = PBXBuildFile; fileRef = EC54AB712C88DD45004A1263 /* RepositoryDetailsView.swift */; };
		EC54AB7C2C88DD5A004A1263 /* GithubService.swift in Sources */ = {isa = PBXBuildFile; fileRef = EC54AB792C88DD5A004A1263 /* GithubService.swift */; };
		EC54AB7D2C88DD5A004A1263 /* NetworkManager.swift in Sources */ = {isa = PBXBuildFile; fileRef = EC54AB7A2C88DD5A004A1263 /* NetworkManager.swift */; };
		EC54AB7F2C88EED5004A1263 /* RepositoriesManager.swift in Sources */ = {isa = PBXBuildFile; fileRef = EC54AB7E2C88EED5004A1263 /* RepositoriesManager.swift */; };
		EC54AB832C893C37004A1263 /* RepositoryDetailsViewModel.swift in Sources */ = {isa = PBXBuildFile; fileRef = EC54AB822C893C37004A1263 /* RepositoryDetailsViewModel.swift */; };
		EC54AB892C8A4FD1004A1263 /* FavoritesViewModel.swift in Sources */ = {isa = PBXBuildFile; fileRef = EC54AB882C8A4FD1004A1263 /* FavoritesViewModel.swift */; };
		EC54AB8C2C8CA59C004A1263 /* Kingfisher in Frameworks */ = {isa = PBXBuildFile; productRef = EC54AB8B2C8CA59C004A1263 /* Kingfisher */; };
		EC54AB8E2C8CADAD004A1263 /* CircularPlaceholderImage.swift in Sources */ = {isa = PBXBuildFile; fileRef = EC54AB8D2C8CADAD004A1263 /* CircularPlaceholderImage.swift */; };
		EC54AB902C8CB159004A1263 /* RepositoryRowView.swift in Sources */ = {isa = PBXBuildFile; fileRef = EC54AB8F2C8CB159004A1263 /* RepositoryRowView.swift */; };
		ECE1D06A2C864D4F00031AFB /* TrendingReposApp.swift in Sources */ = {isa = PBXBuildFile; fileRef = ECE1D0692C864D4F00031AFB /* TrendingReposApp.swift */; };
		ECE1D06E2C864D5000031AFB /* Assets.xcassets in Resources */ = {isa = PBXBuildFile; fileRef = ECE1D06D2C864D5000031AFB /* Assets.xcassets */; };
		ECE1D0712C864D5000031AFB /* Preview Assets.xcassets in Resources */ = {isa = PBXBuildFile; fileRef = ECE1D0702C864D5000031AFB /* Preview Assets.xcassets */; };
		ECE1D0732C864D5000031AFB /* Persistence.swift in Sources */ = {isa = PBXBuildFile; fileRef = ECE1D0722C864D5000031AFB /* Persistence.swift */; };
		ECE1D0762C864D5000031AFB /* TrendingRepos.xcdatamodeld in Sources */ = {isa = PBXBuildFile; fileRef = ECE1D0742C864D5000031AFB /* TrendingRepos.xcdatamodeld */; };
		ECE1D0802C864D5000031AFB /* TrendingReposTests.swift in Sources */ = {isa = PBXBuildFile; fileRef = ECE1D07F2C864D5000031AFB /* TrendingReposTests.swift */; };
		ECE1D08A2C864D5000031AFB /* TrendingReposUITests.swift in Sources */ = {isa = PBXBuildFile; fileRef = ECE1D0892C864D5000031AFB /* TrendingReposUITests.swift */; };
		ECE1D08C2C864D5000031AFB /* TrendingReposUITestsLaunchTests.swift in Sources */ = {isa = PBXBuildFile; fileRef = ECE1D08B2C864D5000031AFB /* TrendingReposUITestsLaunchTests.swift */; };
/* End PBXBuildFile section */

/* Begin PBXContainerItemProxy section */
		ECE1D07C2C864D5000031AFB /* PBXContainerItemProxy */ = {
			isa = PBXContainerItemProxy;
			containerPortal = ECE1D05E2C864D4F00031AFB /* Project object */;
			proxyType = 1;
			remoteGlobalIDString = ECE1D0652C864D4F00031AFB;
			remoteInfo = TrendingRepos;
		};
		ECE1D0862C864D5000031AFB /* PBXContainerItemProxy */ = {
			isa = PBXContainerItemProxy;
			containerPortal = ECE1D05E2C864D4F00031AFB /* Project object */;
			proxyType = 1;
			remoteGlobalIDString = ECE1D0652C864D4F00031AFB;
			remoteInfo = TrendingRepos;
		};
/* End PBXContainerItemProxy section */

/* Begin PBXFileReference section */
		EC54AB662C88D77A004A1263 /* Constants.swift */ = {isa = PBXFileReference; lastKnownFileType = sourcecode.swift; path = Constants.swift; sourceTree = "<group>"; };
		EC54AB682C88DD3D004A1263 /* Repository.swift */ = {isa = PBXFileReference; fileEncoding = 4; lastKnownFileType = sourcecode.swift; path = Repository.swift; sourceTree = "<group>"; };
		EC54AB6B2C88DD45004A1263 /* FavoriteTab.swift */ = {isa = PBXFileReference; fileEncoding = 4; lastKnownFileType = sourcecode.swift; path = FavoriteTab.swift; sourceTree = "<group>"; };
		EC54AB6D2C88DD45004A1263 /* HomeView.swift */ = {isa = PBXFileReference; fileEncoding = 4; lastKnownFileType = sourcecode.swift; path = HomeView.swift; sourceTree = "<group>"; };
		EC54AB6F2C88DD45004A1263 /* RepositoriesTab.swift */ = {isa = PBXFileReference; fileEncoding = 4; lastKnownFileType = sourcecode.swift; path = RepositoriesTab.swift; sourceTree = "<group>"; };
		EC54AB702C88DD45004A1263 /* RepositoriesViewModel.swift */ = {isa = PBXFileReference; fileEncoding = 4; lastKnownFileType = sourcecode.swift; path = RepositoriesViewModel.swift; sourceTree = "<group>"; };
		EC54AB712C88DD45004A1263 /* RepositoryDetailsView.swift */ = {isa = PBXFileReference; fileEncoding = 4; lastKnownFileType = sourcecode.swift; path = RepositoryDetailsView.swift; sourceTree = "<group>"; };
		EC54AB792C88DD5A004A1263 /* GithubService.swift */ = {isa = PBXFileReference; fileEncoding = 4; lastKnownFileType = sourcecode.swift; path = GithubService.swift; sourceTree = "<group>"; };
		EC54AB7A2C88DD5A004A1263 /* NetworkManager.swift */ = {isa = PBXFileReference; fileEncoding = 4; lastKnownFileType = sourcecode.swift; path = NetworkManager.swift; sourceTree = "<group>"; };
		EC54AB7E2C88EED5004A1263 /* RepositoriesManager.swift */ = {isa = PBXFileReference; lastKnownFileType = sourcecode.swift; path = RepositoriesManager.swift; sourceTree = "<group>"; };
		EC54AB822C893C37004A1263 /* RepositoryDetailsViewModel.swift */ = {isa = PBXFileReference; lastKnownFileType = sourcecode.swift; path = RepositoryDetailsViewModel.swift; sourceTree = "<group>"; };
		EC54AB882C8A4FD1004A1263 /* FavoritesViewModel.swift */ = {isa = PBXFileReference; lastKnownFileType = sourcecode.swift; path = FavoritesViewModel.swift; sourceTree = "<group>"; };
		EC54AB8D2C8CADAD004A1263 /* CircularPlaceholderImage.swift */ = {isa = PBXFileReference; lastKnownFileType = sourcecode.swift; path = CircularPlaceholderImage.swift; sourceTree = "<group>"; };
		EC54AB8F2C8CB159004A1263 /* RepositoryRowView.swift */ = {isa = PBXFileReference; lastKnownFileType = sourcecode.swift; path = RepositoryRowView.swift; sourceTree = "<group>"; };
		ECE1D0662C864D4F00031AFB /* TrendingRepos.app */ = {isa = PBXFileReference; explicitFileType = wrapper.application; includeInIndex = 0; path = TrendingRepos.app; sourceTree = BUILT_PRODUCTS_DIR; };
		ECE1D0692C864D4F00031AFB /* TrendingReposApp.swift */ = {isa = PBXFileReference; lastKnownFileType = sourcecode.swift; path = TrendingReposApp.swift; sourceTree = "<group>"; };
		ECE1D06D2C864D5000031AFB /* Assets.xcassets */ = {isa = PBXFileReference; lastKnownFileType = folder.assetcatalog; path = Assets.xcassets; sourceTree = "<group>"; };
		ECE1D0702C864D5000031AFB /* Preview Assets.xcassets */ = {isa = PBXFileReference; lastKnownFileType = folder.assetcatalog; path = "Preview Assets.xcassets"; sourceTree = "<group>"; };
		ECE1D0722C864D5000031AFB /* Persistence.swift */ = {isa = PBXFileReference; lastKnownFileType = sourcecode.swift; path = Persistence.swift; sourceTree = "<group>"; };
		ECE1D0752C864D5000031AFB /* TrendingRepos.xcdatamodel */ = {isa = PBXFileReference; lastKnownFileType = wrapper.xcdatamodel; path = TrendingRepos.xcdatamodel; sourceTree = "<group>"; };
		ECE1D07B2C864D5000031AFB /* TrendingReposTests.xctest */ = {isa = PBXFileReference; explicitFileType = wrapper.cfbundle; includeInIndex = 0; path = TrendingReposTests.xctest; sourceTree = BUILT_PRODUCTS_DIR; };
		ECE1D07F2C864D5000031AFB /* TrendingReposTests.swift */ = {isa = PBXFileReference; lastKnownFileType = sourcecode.swift; path = TrendingReposTests.swift; sourceTree = "<group>"; };
		ECE1D0852C864D5000031AFB /* TrendingReposUITests.xctest */ = {isa = PBXFileReference; explicitFileType = wrapper.cfbundle; includeInIndex = 0; path = TrendingReposUITests.xctest; sourceTree = BUILT_PRODUCTS_DIR; };
		ECE1D0892C864D5000031AFB /* TrendingReposUITests.swift */ = {isa = PBXFileReference; lastKnownFileType = sourcecode.swift; path = TrendingReposUITests.swift; sourceTree = "<group>"; };
		ECE1D08B2C864D5000031AFB /* TrendingReposUITestsLaunchTests.swift */ = {isa = PBXFileReference; lastKnownFileType = sourcecode.swift; path = TrendingReposUITestsLaunchTests.swift; sourceTree = "<group>"; };
/* End PBXFileReference section */

/* Begin PBXFrameworksBuildPhase section */
		ECE1D0632C864D4F00031AFB /* Frameworks */ = {
			isa = PBXFrameworksBuildPhase;
			buildActionMask = 2147483647;
			files = (
				EC54AB8C2C8CA59C004A1263 /* Kingfisher in Frameworks */,
			);
			runOnlyForDeploymentPostprocessing = 0;
		};
		ECE1D0782C864D5000031AFB /* Frameworks */ = {
			isa = PBXFrameworksBuildPhase;
			buildActionMask = 2147483647;
			files = (
			);
			runOnlyForDeploymentPostprocessing = 0;
		};
		ECE1D0822C864D5000031AFB /* Frameworks */ = {
			isa = PBXFrameworksBuildPhase;
			buildActionMask = 2147483647;
			files = (
			);
			runOnlyForDeploymentPostprocessing = 0;
		};
/* End PBXFrameworksBuildPhase section */

/* Begin PBXGroup section */
		EC54AB692C88DD3D004A1263 /* Data */ = {
			isa = PBXGroup;
			children = (
				EC54AB682C88DD3D004A1263 /* Repository.swift */,
			);
			path = Data;
			sourceTree = "<group>";
		};
		EC54AB6C2C88DD45004A1263 /* Favorites */ = {
			isa = PBXGroup;
			children = (
				EC54AB6B2C88DD45004A1263 /* FavoriteTab.swift */,
				EC54AB882C8A4FD1004A1263 /* FavoritesViewModel.swift */,
			);
			path = Favorites;
			sourceTree = "<group>";
		};
		EC54AB6E2C88DD45004A1263 /* Home */ = {
			isa = PBXGroup;
			children = (
				EC54AB6D2C88DD45004A1263 /* HomeView.swift */,
			);
			path = Home;
			sourceTree = "<group>";
		};
		EC54AB722C88DD45004A1263 /* Repositories */ = {
			isa = PBXGroup;
			children = (
				EC54AB702C88DD45004A1263 /* RepositoriesViewModel.swift */,
				EC54AB8F2C8CB159004A1263 /* RepositoryRowView.swift */,
				EC54AB6F2C88DD45004A1263 /* RepositoriesTab.swift */,
				EC54AB7E2C88EED5004A1263 /* RepositoriesManager.swift */,
				EC54AB822C893C37004A1263 /* RepositoryDetailsViewModel.swift */,
				EC54AB712C88DD45004A1263 /* RepositoryDetailsView.swift */,
				EC54AB8D2C8CADAD004A1263 /* CircularPlaceholderImage.swift */,
			);
			path = Repositories;
			sourceTree = "<group>";
		};
		EC54AB732C88DD45004A1263 /* Presentation */ = {
			isa = PBXGroup;
			children = (
				EC54AB6E2C88DD45004A1263 /* Home */,
				EC54AB722C88DD45004A1263 /* Repositories */,
				EC54AB6C2C88DD45004A1263 /* Favorites */,
			);
			name = Presentation;
			path = TrendingRepos/Presentation;
			sourceTree = SOURCE_ROOT;
		};
		EC54AB7B2C88DD5A004A1263 /* Services */ = {
			isa = PBXGroup;
			children = (
				EC54AB792C88DD5A004A1263 /* GithubService.swift */,
				EC54AB7A2C88DD5A004A1263 /* NetworkManager.swift */,
			);
			path = Services;
			sourceTree = "<group>";
		};
		ECE1D05D2C864D4F00031AFB = {
			isa = PBXGroup;
			children = (
				ECE1D0682C864D4F00031AFB /* TrendingRepos */,
				ECE1D07E2C864D5000031AFB /* TrendingReposTests */,
				ECE1D0882C864D5000031AFB /* TrendingReposUITests */,
				ECE1D0672C864D4F00031AFB /* Products */,
			);
			sourceTree = "<group>";
		};
		ECE1D0672C864D4F00031AFB /* Products */ = {
			isa = PBXGroup;
			children = (
				ECE1D0662C864D4F00031AFB /* TrendingRepos.app */,
				ECE1D07B2C864D5000031AFB /* TrendingReposTests.xctest */,
				ECE1D0852C864D5000031AFB /* TrendingReposUITests.xctest */,
			);
			name = Products;
			sourceTree = "<group>";
		};
		ECE1D0682C864D4F00031AFB /* TrendingRepos */ = {
			isa = PBXGroup;
			children = (
				EC54AB692C88DD3D004A1263 /* Data */,
				EC54AB732C88DD45004A1263 /* Presentation */,
				EC54AB7B2C88DD5A004A1263 /* Services */,
				ECE1D0692C864D4F00031AFB /* TrendingReposApp.swift */,
				EC54AB662C88D77A004A1263 /* Constants.swift */,
				ECE1D06D2C864D5000031AFB /* Assets.xcassets */,
				ECE1D0722C864D5000031AFB /* Persistence.swift */,
				ECE1D0742C864D5000031AFB /* TrendingRepos.xcdatamodeld */,
				ECE1D06F2C864D5000031AFB /* Preview Content */,
			);
			path = TrendingRepos;
			sourceTree = "<group>";
		};
		ECE1D06F2C864D5000031AFB /* Preview Content */ = {
			isa = PBXGroup;
			children = (
				ECE1D0702C864D5000031AFB /* Preview Assets.xcassets */,
			);
			path = "Preview Content";
			sourceTree = "<group>";
		};
		ECE1D07E2C864D5000031AFB /* TrendingReposTests */ = {
			isa = PBXGroup;
			children = (
				ECE1D07F2C864D5000031AFB /* TrendingReposTests.swift */,
			);
			path = TrendingReposTests;
			sourceTree = "<group>";
		};
		ECE1D0882C864D5000031AFB /* TrendingReposUITests */ = {
			isa = PBXGroup;
			children = (
				ECE1D0892C864D5000031AFB /* TrendingReposUITests.swift */,
				ECE1D08B2C864D5000031AFB /* TrendingReposUITestsLaunchTests.swift */,
			);
			path = TrendingReposUITests;
			sourceTree = "<group>";
		};
/* End PBXGroup section */

/* Begin PBXNativeTarget section */
		ECE1D0652C864D4F00031AFB /* TrendingRepos */ = {
			isa = PBXNativeTarget;
			buildConfigurationList = ECE1D08F2C864D5000031AFB /* Build configuration list for PBXNativeTarget "TrendingRepos" */;
			buildPhases = (
				ECE1D0622C864D4F00031AFB /* Sources */,
				ECE1D0632C864D4F00031AFB /* Frameworks */,
				ECE1D0642C864D4F00031AFB /* Resources */,
			);
			buildRules = (
			);
			dependencies = (
			);
			name = TrendingRepos;
			packageProductDependencies = (
				EC54AB8B2C8CA59C004A1263 /* Kingfisher */,
			);
			productName = TrendingRepos;
			productReference = ECE1D0662C864D4F00031AFB /* TrendingRepos.app */;
			productType = "com.apple.product-type.application";
		};
		ECE1D07A2C864D5000031AFB /* TrendingReposTests */ = {
			isa = PBXNativeTarget;
			buildConfigurationList = ECE1D0922C864D5000031AFB /* Build configuration list for PBXNativeTarget "TrendingReposTests" */;
			buildPhases = (
				ECE1D0772C864D5000031AFB /* Sources */,
				ECE1D0782C864D5000031AFB /* Frameworks */,
				ECE1D0792C864D5000031AFB /* Resources */,
			);
			buildRules = (
			);
			dependencies = (
				ECE1D07D2C864D5000031AFB /* PBXTargetDependency */,
			);
			name = TrendingReposTests;
			productName = TrendingReposTests;
			productReference = ECE1D07B2C864D5000031AFB /* TrendingReposTests.xctest */;
			productType = "com.apple.product-type.bundle.unit-test";
		};
		ECE1D0842C864D5000031AFB /* TrendingReposUITests */ = {
			isa = PBXNativeTarget;
			buildConfigurationList = ECE1D0952C864D5000031AFB /* Build configuration list for PBXNativeTarget "TrendingReposUITests" */;
			buildPhases = (
				ECE1D0812C864D5000031AFB /* Sources */,
				ECE1D0822C864D5000031AFB /* Frameworks */,
				ECE1D0832C864D5000031AFB /* Resources */,
			);
			buildRules = (
			);
			dependencies = (
				ECE1D0872C864D5000031AFB /* PBXTargetDependency */,
			);
			name = TrendingReposUITests;
			productName = TrendingReposUITests;
			productReference = ECE1D0852C864D5000031AFB /* TrendingReposUITests.xctest */;
			productType = "com.apple.product-type.bundle.ui-testing";
		};
/* End PBXNativeTarget section */

/* Begin PBXProject section */
		ECE1D05E2C864D4F00031AFB /* Project object */ = {
			isa = PBXProject;
			attributes = {
				BuildIndependentTargetsInParallel = 1;
				LastSwiftUpdateCheck = 1540;
				LastUpgradeCheck = 1540;
				TargetAttributes = {
					ECE1D0652C864D4F00031AFB = {
						CreatedOnToolsVersion = 15.4;
					};
					ECE1D07A2C864D5000031AFB = {
						CreatedOnToolsVersion = 15.4;
						TestTargetID = ECE1D0652C864D4F00031AFB;
					};
					ECE1D0842C864D5000031AFB = {
						CreatedOnToolsVersion = 15.4;
						TestTargetID = ECE1D0652C864D4F00031AFB;
					};
				};
			};
			buildConfigurationList = ECE1D0612C864D4F00031AFB /* Build configuration list for PBXProject "TrendingRepos" */;
			compatibilityVersion = "Xcode 14.0";
			developmentRegion = en;
			hasScannedForEncodings = 0;
			knownRegions = (
				en,
				Base,
			);
			mainGroup = ECE1D05D2C864D4F00031AFB;
			packageReferences = (
				EC54AB8A2C8CA4FA004A1263 /* XCRemoteSwiftPackageReference "Kingfisher" */,
			);
			productRefGroup = ECE1D0672C864D4F00031AFB /* Products */;
			projectDirPath = "";
			projectRoot = "";
			targets = (
				ECE1D0652C864D4F00031AFB /* TrendingRepos */,
				ECE1D07A2C864D5000031AFB /* TrendingReposTests */,
				ECE1D0842C864D5000031AFB /* TrendingReposUITests */,
			);
		};
/* End PBXProject section */

/* Begin PBXResourcesBuildPhase section */
		ECE1D0642C864D4F00031AFB /* Resources */ = {
			isa = PBXResourcesBuildPhase;
			buildActionMask = 2147483647;
			files = (
				ECE1D0712C864D5000031AFB /* Preview Assets.xcassets in Resources */,
				ECE1D06E2C864D5000031AFB /* Assets.xcassets in Resources */,
			);
			runOnlyForDeploymentPostprocessing = 0;
		};
		ECE1D0792C864D5000031AFB /* Resources */ = {
			isa = PBXResourcesBuildPhase;
			buildActionMask = 2147483647;
			files = (
			);
			runOnlyForDeploymentPostprocessing = 0;
		};
		ECE1D0832C864D5000031AFB /* Resources */ = {
			isa = PBXResourcesBuildPhase;
			buildActionMask = 2147483647;
			files = (
			);
			runOnlyForDeploymentPostprocessing = 0;
		};
/* End PBXResourcesBuildPhase section */

/* Begin PBXSourcesBuildPhase section */
		ECE1D0622C864D4F00031AFB /* Sources */ = {
			isa = PBXSourcesBuildPhase;
			buildActionMask = 2147483647;
			files = (
				EC54AB892C8A4FD1004A1263 /* FavoritesViewModel.swift in Sources */,
				EC54AB832C893C37004A1263 /* RepositoryDetailsViewModel.swift in Sources */,
				EC54AB7C2C88DD5A004A1263 /* GithubService.swift in Sources */,
				ECE1D0732C864D5000031AFB /* Persistence.swift in Sources */,
				EC54AB8E2C8CADAD004A1263 /* CircularPlaceholderImage.swift in Sources */,
				EC54AB752C88DD45004A1263 /* HomeView.swift in Sources */,
				EC54AB772C88DD45004A1263 /* RepositoriesViewModel.swift in Sources */,
				EC54AB6A2C88DD3D004A1263 /* Repository.swift in Sources */,
				ECE1D0762C864D5000031AFB /* TrendingRepos.xcdatamodeld in Sources */,
				ECE1D06A2C864D4F00031AFB /* TrendingReposApp.swift in Sources */,
				EC54AB7D2C88DD5A004A1263 /* NetworkManager.swift in Sources */,
				EC54AB902C8CB159004A1263 /* RepositoryRowView.swift in Sources */,
				EC54AB782C88DD45004A1263 /* RepositoryDetailsView.swift in Sources */,
				EC54AB742C88DD45004A1263 /* FavoriteTab.swift in Sources */,
				EC54AB7F2C88EED5004A1263 /* RepositoriesManager.swift in Sources */,
				EC54AB672C88D77A004A1263 /* Constants.swift in Sources */,
				EC54AB762C88DD45004A1263 /* RepositoriesTab.swift in Sources */,
			);
			runOnlyForDeploymentPostprocessing = 0;
		};
		ECE1D0772C864D5000031AFB /* Sources */ = {
			isa = PBXSourcesBuildPhase;
			buildActionMask = 2147483647;
			files = (
				ECE1D0802C864D5000031AFB /* TrendingReposTests.swift in Sources */,
			);
			runOnlyForDeploymentPostprocessing = 0;
		};
		ECE1D0812C864D5000031AFB /* Sources */ = {
			isa = PBXSourcesBuildPhase;
			buildActionMask = 2147483647;
			files = (
				ECE1D08A2C864D5000031AFB /* TrendingReposUITests.swift in Sources */,
				ECE1D08C2C864D5000031AFB /* TrendingReposUITestsLaunchTests.swift in Sources */,
			);
			runOnlyForDeploymentPostprocessing = 0;
		};
/* End PBXSourcesBuildPhase section */

/* Begin PBXTargetDependency section */
		ECE1D07D2C864D5000031AFB /* PBXTargetDependency */ = {
			isa = PBXTargetDependency;
			target = ECE1D0652C864D4F00031AFB /* TrendingRepos */;
			targetProxy = ECE1D07C2C864D5000031AFB /* PBXContainerItemProxy */;
		};
		ECE1D0872C864D5000031AFB /* PBXTargetDependency */ = {
			isa = PBXTargetDependency;
			target = ECE1D0652C864D4F00031AFB /* TrendingRepos */;
			targetProxy = ECE1D0862C864D5000031AFB /* PBXContainerItemProxy */;
		};
/* End PBXTargetDependency section */

/* Begin XCBuildConfiguration section */
		ECE1D08D2C864D5000031AFB /* Debug */ = {
			isa = XCBuildConfiguration;
			buildSettings = {
				ALWAYS_SEARCH_USER_PATHS = NO;
				ASSETCATALOG_COMPILER_GENERATE_SWIFT_ASSET_SYMBOL_EXTENSIONS = YES;
				CLANG_ANALYZER_NONNULL = YES;
				CLANG_ANALYZER_NUMBER_OBJECT_CONVERSION = YES_AGGRESSIVE;
				CLANG_CXX_LANGUAGE_STANDARD = "gnu++20";
				CLANG_ENABLE_MODULES = YES;
				CLANG_ENABLE_OBJC_ARC = YES;
				CLANG_ENABLE_OBJC_WEAK = YES;
				CLANG_WARN_BLOCK_CAPTURE_AUTORELEASING = YES;
				CLANG_WARN_BOOL_CONVERSION = YES;
				CLANG_WARN_COMMA = YES;
				CLANG_WARN_CONSTANT_CONVERSION = YES;
				CLANG_WARN_DEPRECATED_OBJC_IMPLEMENTATIONS = YES;
				CLANG_WARN_DIRECT_OBJC_ISA_USAGE = YES_ERROR;
				CLANG_WARN_DOCUMENTATION_COMMENTS = YES;
				CLANG_WARN_EMPTY_BODY = YES;
				CLANG_WARN_ENUM_CONVERSION = YES;
				CLANG_WARN_INFINITE_RECURSION = YES;
				CLANG_WARN_INT_CONVERSION = YES;
				CLANG_WARN_NON_LITERAL_NULL_CONVERSION = YES;
				CLANG_WARN_OBJC_IMPLICIT_RETAIN_SELF = YES;
				CLANG_WARN_OBJC_LITERAL_CONVERSION = YES;
				CLANG_WARN_OBJC_ROOT_CLASS = YES_ERROR;
				CLANG_WARN_QUOTED_INCLUDE_IN_FRAMEWORK_HEADER = YES;
				CLANG_WARN_RANGE_LOOP_ANALYSIS = YES;
				CLANG_WARN_STRICT_PROTOTYPES = YES;
				CLANG_WARN_SUSPICIOUS_MOVE = YES;
				CLANG_WARN_UNGUARDED_AVAILABILITY = YES_AGGRESSIVE;
				CLANG_WARN_UNREACHABLE_CODE = YES;
				CLANG_WARN__DUPLICATE_METHOD_MATCH = YES;
				COPY_PHASE_STRIP = NO;
				DEBUG_INFORMATION_FORMAT = dwarf;
				ENABLE_STRICT_OBJC_MSGSEND = YES;
				ENABLE_TESTABILITY = YES;
				ENABLE_USER_SCRIPT_SANDBOXING = YES;
				GCC_C_LANGUAGE_STANDARD = gnu17;
				GCC_DYNAMIC_NO_PIC = NO;
				GCC_NO_COMMON_BLOCKS = YES;
				GCC_OPTIMIZATION_LEVEL = 0;
				GCC_PREPROCESSOR_DEFINITIONS = (
					"DEBUG=1",
					"$(inherited)",
				);
				GCC_WARN_64_TO_32_BIT_CONVERSION = YES;
				GCC_WARN_ABOUT_RETURN_TYPE = YES_ERROR;
				GCC_WARN_UNDECLARED_SELECTOR = YES;
				GCC_WARN_UNINITIALIZED_AUTOS = YES_AGGRESSIVE;
				GCC_WARN_UNUSED_FUNCTION = YES;
				GCC_WARN_UNUSED_VARIABLE = YES;
				IPHONEOS_DEPLOYMENT_TARGET = 17.5;
				LOCALIZATION_PREFERS_STRING_CATALOGS = YES;
				MTL_ENABLE_DEBUG_INFO = INCLUDE_SOURCE;
				MTL_FAST_MATH = YES;
				ONLY_ACTIVE_ARCH = YES;
				SDKROOT = iphoneos;
				SWIFT_ACTIVE_COMPILATION_CONDITIONS = "DEBUG $(inherited)";
				SWIFT_OPTIMIZATION_LEVEL = "-Onone";
			};
			name = Debug;
		};
		ECE1D08E2C864D5000031AFB /* Release */ = {
			isa = XCBuildConfiguration;
			buildSettings = {
				ALWAYS_SEARCH_USER_PATHS = NO;
				ASSETCATALOG_COMPILER_GENERATE_SWIFT_ASSET_SYMBOL_EXTENSIONS = YES;
				CLANG_ANALYZER_NONNULL = YES;
				CLANG_ANALYZER_NUMBER_OBJECT_CONVERSION = YES_AGGRESSIVE;
				CLANG_CXX_LANGUAGE_STANDARD = "gnu++20";
				CLANG_ENABLE_MODULES = YES;
				CLANG_ENABLE_OBJC_ARC = YES;
				CLANG_ENABLE_OBJC_WEAK = YES;
				CLANG_WARN_BLOCK_CAPTURE_AUTORELEASING = YES;
				CLANG_WARN_BOOL_CONVERSION = YES;
				CLANG_WARN_COMMA = YES;
				CLANG_WARN_CONSTANT_CONVERSION = YES;
				CLANG_WARN_DEPRECATED_OBJC_IMPLEMENTATIONS = YES;
				CLANG_WARN_DIRECT_OBJC_ISA_USAGE = YES_ERROR;
				CLANG_WARN_DOCUMENTATION_COMMENTS = YES;
				CLANG_WARN_EMPTY_BODY = YES;
				CLANG_WARN_ENUM_CONVERSION = YES;
				CLANG_WARN_INFINITE_RECURSION = YES;
				CLANG_WARN_INT_CONVERSION = YES;
				CLANG_WARN_NON_LITERAL_NULL_CONVERSION = YES;
				CLANG_WARN_OBJC_IMPLICIT_RETAIN_SELF = YES;
				CLANG_WARN_OBJC_LITERAL_CONVERSION = YES;
				CLANG_WARN_OBJC_ROOT_CLASS = YES_ERROR;
				CLANG_WARN_QUOTED_INCLUDE_IN_FRAMEWORK_HEADER = YES;
				CLANG_WARN_RANGE_LOOP_ANALYSIS = YES;
				CLANG_WARN_STRICT_PROTOTYPES = YES;
				CLANG_WARN_SUSPICIOUS_MOVE = YES;
				CLANG_WARN_UNGUARDED_AVAILABILITY = YES_AGGRESSIVE;
				CLANG_WARN_UNREACHABLE_CODE = YES;
				CLANG_WARN__DUPLICATE_METHOD_MATCH = YES;
				COPY_PHASE_STRIP = NO;
				DEBUG_INFORMATION_FORMAT = "dwarf-with-dsym";
				ENABLE_NS_ASSERTIONS = NO;
				ENABLE_STRICT_OBJC_MSGSEND = YES;
				ENABLE_USER_SCRIPT_SANDBOXING = YES;
				GCC_C_LANGUAGE_STANDARD = gnu17;
				GCC_NO_COMMON_BLOCKS = YES;
				GCC_WARN_64_TO_32_BIT_CONVERSION = YES;
				GCC_WARN_ABOUT_RETURN_TYPE = YES_ERROR;
				GCC_WARN_UNDECLARED_SELECTOR = YES;
				GCC_WARN_UNINITIALIZED_AUTOS = YES_AGGRESSIVE;
				GCC_WARN_UNUSED_FUNCTION = YES;
				GCC_WARN_UNUSED_VARIABLE = YES;
				IPHONEOS_DEPLOYMENT_TARGET = 17.5;
				LOCALIZATION_PREFERS_STRING_CATALOGS = YES;
				MTL_ENABLE_DEBUG_INFO = NO;
				MTL_FAST_MATH = YES;
				SDKROOT = iphoneos;
				SWIFT_COMPILATION_MODE = wholemodule;
				VALIDATE_PRODUCT = YES;
			};
			name = Release;
		};
		ECE1D0902C864D5000031AFB /* Debug */ = {
			isa = XCBuildConfiguration;
			buildSettings = {
				ASSETCATALOG_COMPILER_APPICON_NAME = AppIcon;
				ASSETCATALOG_COMPILER_GLOBAL_ACCENT_COLOR_NAME = AccentColor;
				CODE_SIGN_STYLE = Automatic;
				CURRENT_PROJECT_VERSION = 1;
				DEVELOPMENT_ASSET_PATHS = "\"TrendingRepos/Preview Content\"";
				ENABLE_PREVIEWS = YES;
				GENERATE_INFOPLIST_FILE = YES;
				INFOPLIST_KEY_UIApplicationSceneManifest_Generation = YES;
				INFOPLIST_KEY_UIApplicationSupportsIndirectInputEvents = YES;
				INFOPLIST_KEY_UILaunchScreen_Generation = YES;
				INFOPLIST_KEY_UISupportedInterfaceOrientations_iPad = "UIInterfaceOrientationPortrait UIInterfaceOrientationPortraitUpsideDown UIInterfaceOrientationLandscapeLeft UIInterfaceOrientationLandscapeRight";
				INFOPLIST_KEY_UISupportedInterfaceOrientations_iPhone = "UIInterfaceOrientationPortrait UIInterfaceOrientationLandscapeLeft UIInterfaceOrientationLandscapeRight";
				LD_RUNPATH_SEARCH_PATHS = (
					"$(inherited)",
					"@executable_path/Frameworks",
				);
				MARKETING_VERSION = 1.0;
				PRODUCT_BUNDLE_IDENTIFIER = com.ahd.TrendingRepos;
				PRODUCT_NAME = "$(TARGET_NAME)";
				SWIFT_EMIT_LOC_STRINGS = YES;
				SWIFT_VERSION = 5.0;
				TARGETED_DEVICE_FAMILY = "1,2";
			};
			name = Debug;
		};
		ECE1D0912C864D5000031AFB /* Release */ = {
			isa = XCBuildConfiguration;
			buildSettings = {
				ASSETCATALOG_COMPILER_APPICON_NAME = AppIcon;
				ASSETCATALOG_COMPILER_GLOBAL_ACCENT_COLOR_NAME = AccentColor;
				CODE_SIGN_STYLE = Automatic;
				CURRENT_PROJECT_VERSION = 1;
				DEVELOPMENT_ASSET_PATHS = "\"TrendingRepos/Preview Content\"";
				ENABLE_PREVIEWS = YES;
				GENERATE_INFOPLIST_FILE = YES;
				INFOPLIST_KEY_UIApplicationSceneManifest_Generation = YES;
				INFOPLIST_KEY_UIApplicationSupportsIndirectInputEvents = YES;
				INFOPLIST_KEY_UILaunchScreen_Generation = YES;
				INFOPLIST_KEY_UISupportedInterfaceOrientations_iPad = "UIInterfaceOrientationPortrait UIInterfaceOrientationPortraitUpsideDown UIInterfaceOrientationLandscapeLeft UIInterfaceOrientationLandscapeRight";
				INFOPLIST_KEY_UISupportedInterfaceOrientations_iPhone = "UIInterfaceOrientationPortrait UIInterfaceOrientationLandscapeLeft UIInterfaceOrientationLandscapeRight";
				LD_RUNPATH_SEARCH_PATHS = (
					"$(inherited)",
					"@executable_path/Frameworks",
				);
				MARKETING_VERSION = 1.0;
				PRODUCT_BUNDLE_IDENTIFIER = com.ahd.TrendingRepos;
				PRODUCT_NAME = "$(TARGET_NAME)";
				SWIFT_EMIT_LOC_STRINGS = YES;
				SWIFT_VERSION = 5.0;
				TARGETED_DEVICE_FAMILY = "1,2";
			};
			name = Release;
		};
		ECE1D0932C864D5000031AFB /* Debug */ = {
			isa = XCBuildConfiguration;
			buildSettings = {
				ALWAYS_EMBED_SWIFT_STANDARD_LIBRARIES = YES;
				BUNDLE_LOADER = "$(TEST_HOST)";
				CODE_SIGN_STYLE = Automatic;
				CURRENT_PROJECT_VERSION = 1;
				GENERATE_INFOPLIST_FILE = YES;
				IPHONEOS_DEPLOYMENT_TARGET = 17.5;
				MARKETING_VERSION = 1.0;
				PRODUCT_BUNDLE_IDENTIFIER = com.ahd.TrendingReposTests;
				PRODUCT_NAME = "$(TARGET_NAME)";
				SWIFT_EMIT_LOC_STRINGS = NO;
				SWIFT_VERSION = 5.0;
				TARGETED_DEVICE_FAMILY = "1,2";
				TEST_HOST = "$(BUILT_PRODUCTS_DIR)/TrendingRepos.app/$(BUNDLE_EXECUTABLE_FOLDER_PATH)/TrendingRepos";
			};
			name = Debug;
		};
		ECE1D0942C864D5000031AFB /* Release */ = {
			isa = XCBuildConfiguration;
			buildSettings = {
				ALWAYS_EMBED_SWIFT_STANDARD_LIBRARIES = YES;
				BUNDLE_LOADER = "$(TEST_HOST)";
				CODE_SIGN_STYLE = Automatic;
				CURRENT_PROJECT_VERSION = 1;
				GENERATE_INFOPLIST_FILE = YES;
				IPHONEOS_DEPLOYMENT_TARGET = 17.5;
				MARKETING_VERSION = 1.0;
				PRODUCT_BUNDLE_IDENTIFIER = com.ahd.TrendingReposTests;
				PRODUCT_NAME = "$(TARGET_NAME)";
				SWIFT_EMIT_LOC_STRINGS = NO;
				SWIFT_VERSION = 5.0;
				TARGETED_DEVICE_FAMILY = "1,2";
				TEST_HOST = "$(BUILT_PRODUCTS_DIR)/TrendingRepos.app/$(BUNDLE_EXECUTABLE_FOLDER_PATH)/TrendingRepos";
			};
			name = Release;
		};
		ECE1D0962C864D5000031AFB /* Debug */ = {
			isa = XCBuildConfiguration;
			buildSettings = {
				ALWAYS_EMBED_SWIFT_STANDARD_LIBRARIES = YES;
				CODE_SIGN_STYLE = Automatic;
				CURRENT_PROJECT_VERSION = 1;
				GENERATE_INFOPLIST_FILE = YES;
				MARKETING_VERSION = 1.0;
				PRODUCT_BUNDLE_IDENTIFIER = com.ahd.TrendingReposUITests;
				PRODUCT_NAME = "$(TARGET_NAME)";
				SWIFT_EMIT_LOC_STRINGS = NO;
				SWIFT_VERSION = 5.0;
				TARGETED_DEVICE_FAMILY = "1,2";
				TEST_TARGET_NAME = TrendingRepos;
			};
			name = Debug;
		};
		ECE1D0972C864D5000031AFB /* Release */ = {
			isa = XCBuildConfiguration;
			buildSettings = {
				ALWAYS_EMBED_SWIFT_STANDARD_LIBRARIES = YES;
				CODE_SIGN_STYLE = Automatic;
				CURRENT_PROJECT_VERSION = 1;
				GENERATE_INFOPLIST_FILE = YES;
				MARKETING_VERSION = 1.0;
				PRODUCT_BUNDLE_IDENTIFIER = com.ahd.TrendingReposUITests;
				PRODUCT_NAME = "$(TARGET_NAME)";
				SWIFT_EMIT_LOC_STRINGS = NO;
				SWIFT_VERSION = 5.0;
				TARGETED_DEVICE_FAMILY = "1,2";
				TEST_TARGET_NAME = TrendingRepos;
			};
			name = Release;
		};
/* End XCBuildConfiguration section */

/* Begin XCConfigurationList section */
		ECE1D0612C864D4F00031AFB /* Build configuration list for PBXProject "TrendingRepos" */ = {
			isa = XCConfigurationList;
			buildConfigurations = (
				ECE1D08D2C864D5000031AFB /* Debug */,
				ECE1D08E2C864D5000031AFB /* Release */,
			);
			defaultConfigurationIsVisible = 0;
			defaultConfigurationName = Release;
		};
		ECE1D08F2C864D5000031AFB /* Build configuration list for PBXNativeTarget "TrendingRepos" */ = {
			isa = XCConfigurationList;
			buildConfigurations = (
				ECE1D0902C864D5000031AFB /* Debug */,
				ECE1D0912C864D5000031AFB /* Release */,
			);
			defaultConfigurationIsVisible = 0;
			defaultConfigurationName = Release;
		};
		ECE1D0922C864D5000031AFB /* Build configuration list for PBXNativeTarget "TrendingReposTests" */ = {
			isa = XCConfigurationList;
			buildConfigurations = (
				ECE1D0932C864D5000031AFB /* Debug */,
				ECE1D0942C864D5000031AFB /* Release */,
			);
			defaultConfigurationIsVisible = 0;
			defaultConfigurationName = Release;
		};
		ECE1D0952C864D5000031AFB /* Build configuration list for PBXNativeTarget "TrendingReposUITests" */ = {
			isa = XCConfigurationList;
			buildConfigurations = (
				ECE1D0962C864D5000031AFB /* Debug */,
				ECE1D0972C864D5000031AFB /* Release */,
			);
			defaultConfigurationIsVisible = 0;
			defaultConfigurationName = Release;
		};
/* End XCConfigurationList section */

/* Begin XCRemoteSwiftPackageReference section */
		EC54AB8A2C8CA4FA004A1263 /* XCRemoteSwiftPackageReference "Kingfisher" */ = {
			isa = XCRemoteSwiftPackageReference;
			repositoryURL = "https://github.com/onevcat/Kingfisher";
			requirement = {
				kind = upToNextMajorVersion;
				minimumVersion = 7.12.0;
			};
		};
/* End XCRemoteSwiftPackageReference section */

/* Begin XCSwiftPackageProductDependency section */
		EC54AB8B2C8CA59C004A1263 /* Kingfisher */ = {
			isa = XCSwiftPackageProductDependency;
			package = EC54AB8A2C8CA4FA004A1263 /* XCRemoteSwiftPackageReference "Kingfisher" */;
			productName = Kingfisher;
		};
/* End XCSwiftPackageProductDependency section */

/* Begin XCVersionGroup section */
		ECE1D0742C864D5000031AFB /* TrendingRepos.xcdatamodeld */ = {
			isa = XCVersionGroup;
			children = (
				ECE1D0752C864D5000031AFB /* TrendingRepos.xcdatamodel */,
			);
			currentVersion = ECE1D0752C864D5000031AFB /* TrendingRepos.xcdatamodel */;
			path = TrendingRepos.xcdatamodeld;
			sourceTree = "<group>";
			versionGroupType = wrapper.xcdatamodel;
		};
/* End XCVersionGroup section */
	};
	rootObject = ECE1D05E2C864D4F00031AFB /* Project object */;
}
